// !$*UTF8*$!
{
	archiveVersion = 1;
	classes = {
	};
	objectVersion = 55;
	objects = {

/* Begin PBXBuildFile section */
		3D21F1D628161B2E00117DAC /* StudiousSnackers.xcdatamodeld in Sources */ = {isa = PBXBuildFile; fileRef = 3D21F1D428161B2E00117DAC /* StudiousSnackers.xcdatamodeld */; };
		8F0EC5732808A63A00F12B8B /* StudiousSnackersApp.swift in Sources */ = {isa = PBXBuildFile; fileRef = 8F0EC5722808A63A00F12B8B /* StudiousSnackersApp.swift */; };
		8F0EC5752808A63A00F12B8B /* ContentView.swift in Sources */ = {isa = PBXBuildFile; fileRef = 8F0EC5742808A63A00F12B8B /* ContentView.swift */; };
		8F0EC5772808A63C00F12B8B /* Assets.xcassets in Resources */ = {isa = PBXBuildFile; fileRef = 8F0EC5762808A63C00F12B8B /* Assets.xcassets */; };
		8F0EC57A2808A63C00F12B8B /* Preview Assets.xcassets in Resources */ = {isa = PBXBuildFile; fileRef = 8F0EC5792808A63C00F12B8B /* Preview Assets.xcassets */; };
		8F0EC57C2808A63C00F12B8B /* Persistence.swift in Sources */ = {isa = PBXBuildFile; fileRef = 8F0EC57B2808A63C00F12B8B /* Persistence.swift */; };
		8FCD0B7A2810E9D100D89D34 /* RestaurantAPIData.swift in Sources */ = {isa = PBXBuildFile; fileRef = 8FCD0B792810E9D100D89D34 /* RestaurantAPIData.swift */; };
		8FCD0B7C2810F02800D89D34 /* RestaurantAPIStruct.swift in Sources */ = {isa = PBXBuildFile; fileRef = 8FCD0B7B2810F02800D89D34 /* RestaurantAPIStruct.swift */; };
		8FCD0B7E28110E2C00D89D34 /* KrogerAPIData.swift in Sources */ = {isa = PBXBuildFile; fileRef = 8FCD0B7D28110E2C00D89D34 /* KrogerAPIData.swift */; };
		8FCD0B822811D49900D89D34 /* Home.swift in Sources */ = {isa = PBXBuildFile; fileRef = 8FCD0B812811D49900D89D34 /* Home.swift */; };
/* End PBXBuildFile section */

/* Begin PBXFileReference section */
		3D21F1D528161B2E00117DAC /* Studious_Snackers.xcdatamodel */ = {isa = PBXFileReference; lastKnownFileType = wrapper.xcdatamodel; path = Studious_Snackers.xcdatamodel; sourceTree = "<group>"; };
		8F0EC56F2808A63A00F12B8B /* StudiousSnackers.app */ = {isa = PBXFileReference; explicitFileType = wrapper.application; includeInIndex = 0; path = StudiousSnackers.app; sourceTree = BUILT_PRODUCTS_DIR; };
		8F0EC5722808A63A00F12B8B /* StudiousSnackersApp.swift */ = {isa = PBXFileReference; lastKnownFileType = sourcecode.swift; path = StudiousSnackersApp.swift; sourceTree = "<group>"; };
		8F0EC5742808A63A00F12B8B /* ContentView.swift */ = {isa = PBXFileReference; lastKnownFileType = sourcecode.swift; path = ContentView.swift; sourceTree = "<group>"; };
		8F0EC5762808A63C00F12B8B /* Assets.xcassets */ = {isa = PBXFileReference; lastKnownFileType = folder.assetcatalog; path = Assets.xcassets; sourceTree = "<group>"; };
		8F0EC5792808A63C00F12B8B /* Preview Assets.xcassets */ = {isa = PBXFileReference; lastKnownFileType = folder.assetcatalog; path = "Preview Assets.xcassets"; sourceTree = "<group>"; };
		8F0EC57B2808A63C00F12B8B /* Persistence.swift */ = {isa = PBXFileReference; lastKnownFileType = sourcecode.swift; path = Persistence.swift; sourceTree = "<group>"; };
		8FCD0B792810E9D100D89D34 /* RestaurantAPIData.swift */ = {isa = PBXFileReference; lastKnownFileType = sourcecode.swift; path = RestaurantAPIData.swift; sourceTree = "<group>"; };
		8FCD0B7B2810F02800D89D34 /* RestaurantAPIStruct.swift */ = {isa = PBXFileReference; lastKnownFileType = sourcecode.swift; path = RestaurantAPIStruct.swift; sourceTree = "<group>"; };
		8FCD0B7D28110E2C00D89D34 /* KrogerAPIData.swift */ = {isa = PBXFileReference; lastKnownFileType = sourcecode.swift; path = KrogerAPIData.swift; sourceTree = "<group>"; };
		8FCD0B812811D49900D89D34 /* Home.swift */ = {isa = PBXFileReference; lastKnownFileType = sourcecode.swift; path = Home.swift; sourceTree = "<group>"; };
/* End PBXFileReference section */

/* Begin PBXFrameworksBuildPhase section */
		8F0EC56C2808A63A00F12B8B /* Frameworks */ = {
			isa = PBXFrameworksBuildPhase;
			buildActionMask = 2147483647;
			files = (
			);
			runOnlyForDeploymentPostprocessing = 0;
		};
/* End PBXFrameworksBuildPhase section */

/* Begin PBXGroup section */
		8F0EC5662808A63A00F12B8B = {
			isa = PBXGroup;
			children = (
				8F0EC5712808A63A00F12B8B /* StudiousSnackers */,
				8F0EC5702808A63A00F12B8B /* Products */,
			);
			sourceTree = "<group>";
		};
		8F0EC5702808A63A00F12B8B /* Products */ = {
			isa = PBXGroup;
			children = (
				8F0EC56F2808A63A00F12B8B /* StudiousSnackers.app */,
			);
			name = Products;
			sourceTree = "<group>";
		};
		8F0EC5712808A63A00F12B8B /* StudiousSnackers */ = {
			isa = PBXGroup;
			children = (
				8F0EC5722808A63A00F12B8B /* StudiousSnackersApp.swift */,
				8F0EC5742808A63A00F12B8B /* ContentView.swift */,
				8F0EC57B2808A63C00F12B8B /* Persistence.swift */,
				8FCD0B762810E03E00D89D34 /* Restaurant API Data */,
				8FCD0B772810E04F00D89D34 /* Kroger API Data */,
				8FCD0B782810E05B00D89D34 /* Yelp API Data */,
				8FCD0B7F2811D48600D89D34 /* Tab Bar Views */,
				3D21F1D428161B2E00117DAC /* StudiousSnackers.xcdatamodeld */,
				8F0EC5762808A63C00F12B8B /* Assets.xcassets */,
				8F0EC5782808A63C00F12B8B /* Preview Content */,
			);
			path = StudiousSnackers;
			sourceTree = "<group>";
		};
		8F0EC5782808A63C00F12B8B /* Preview Content */ = {
			isa = PBXGroup;
			children = (
				8F0EC5792808A63C00F12B8B /* Preview Assets.xcassets */,
			);
			path = "Preview Content";
			sourceTree = "<group>";
		};
		8FCD0B762810E03E00D89D34 /* Restaurant API Data */ = {
			isa = PBXGroup;
			children = (
				8FCD0B7B2810F02800D89D34 /* RestaurantAPIStruct.swift */,
				8FCD0B792810E9D100D89D34 /* RestaurantAPIData.swift */,
			);
			path = "Restaurant API Data";
			sourceTree = "<group>";
		};
		8FCD0B772810E04F00D89D34 /* Kroger API Data */ = {
			isa = PBXGroup;
			children = (
				8FCD0B7D28110E2C00D89D34 /* KrogerAPIData.swift */,
			);
			path = "Kroger API Data";
			sourceTree = "<group>";
		};
		8FCD0B782810E05B00D89D34 /* Yelp API Data */ = {
			isa = PBXGroup;
			children = (
			);
			path = "Yelp API Data";
			sourceTree = "<group>";
		};
		8FCD0B7F2811D48600D89D34 /* Tab Bar Views */ = {
			isa = PBXGroup;
			children = (
				8FCD0B802811D49100D89D34 /* Home */,
			);
			path = "Tab Bar Views";
			sourceTree = "<group>";
		};
		8FCD0B802811D49100D89D34 /* Home */ = {
			isa = PBXGroup;
			children = (
				8FCD0B812811D49900D89D34 /* Home.swift */,
			);
			path = Home;
			sourceTree = "<group>";
		};
/* End PBXGroup section */

/* Begin PBXNativeTarget section */
		8F0EC56E2808A63A00F12B8B /* StudiousSnackers */ = {
			isa = PBXNativeTarget;
			buildConfigurationList = 8F0EC5822808A63C00F12B8B /* Build configuration list for PBXNativeTarget "StudiousSnackers" */;
			buildPhases = (
				8F0EC56B2808A63A00F12B8B /* Sources */,
				8F0EC56C2808A63A00F12B8B /* Frameworks */,
				8F0EC56D2808A63A00F12B8B /* Resources */,
			);
			buildRules = (
			);
			dependencies = (
			);
			name = StudiousSnackers;
			productName = StudiousSnackers;
			productReference = 8F0EC56F2808A63A00F12B8B /* StudiousSnackers.app */;
			productType = "com.apple.product-type.application";
		};
/* End PBXNativeTarget section */

/* Begin PBXProject section */
		8F0EC5672808A63A00F12B8B /* Project object */ = {
			isa = PBXProject;
			attributes = {
				BuildIndependentTargetsInParallel = 1;
				LastSwiftUpdateCheck = 1320;
				LastUpgradeCheck = 1320;
				TargetAttributes = {
					8F0EC56E2808A63A00F12B8B = {
						CreatedOnToolsVersion = 13.2.1;
					};
				};
			};
			buildConfigurationList = 8F0EC56A2808A63A00F12B8B /* Build configuration list for PBXProject "StudiousSnackers" */;
			compatibilityVersion = "Xcode 13.0";
			developmentRegion = en;
			hasScannedForEncodings = 0;
			knownRegions = (
				en,
				Base,
			);
			mainGroup = 8F0EC5662808A63A00F12B8B;
			productRefGroup = 8F0EC5702808A63A00F12B8B /* Products */;
			projectDirPath = "";
			projectRoot = "";
			targets = (
				8F0EC56E2808A63A00F12B8B /* StudiousSnackers */,
			);
		};
/* End PBXProject section */

/* Begin PBXResourcesBuildPhase section */
		8F0EC56D2808A63A00F12B8B /* Resources */ = {
			isa = PBXResourcesBuildPhase;
			buildActionMask = 2147483647;
			files = (
				8F0EC57A2808A63C00F12B8B /* Preview Assets.xcassets in Resources */,
				8F0EC5772808A63C00F12B8B /* Assets.xcassets in Resources */,
			);
			runOnlyForDeploymentPostprocessing = 0;
		};
/* End PBXResourcesBuildPhase section */

/* Begin PBXSourcesBuildPhase section */
		8F0EC56B2808A63A00F12B8B /* Sources */ = {
			isa = PBXSourcesBuildPhase;
			buildActionMask = 2147483647;
			files = (
				8F0EC57C2808A63C00F12B8B /* Persistence.swift in Sources */,
				8F0EC5752808A63A00F12B8B /* ContentView.swift in Sources */,
				8F0EC5732808A63A00F12B8B /* StudiousSnackersApp.swift in Sources */,
				8FCD0B7A2810E9D100D89D34 /* RestaurantAPIData.swift in Sources */,
				8FCD0B7E28110E2C00D89D34 /* KrogerAPIData.swift in Sources */,
				8FCD0B7C2810F02800D89D34 /* RestaurantAPIStruct.swift in Sources */,
				8FCD0B822811D49900D89D34 /* Home.swift in Sources */,
				3D21F1D628161B2E00117DAC /* StudiousSnackers.xcdatamodeld in Sources */,
			);
			runOnlyForDeploymentPostprocessing = 0;
		};
/* End PBXSourcesBuildPhase section */

/* Begin XCBuildConfiguration section */
		8F0EC5802808A63C00F12B8B /* Debug */ = {
			isa = XCBuildConfiguration;
			buildSettings = {
				ALWAYS_SEARCH_USER_PATHS = NO;
				CLANG_ANALYZER_NONNULL = YES;
				CLANG_ANALYZER_NUMBER_OBJECT_CONVERSION = YES_AGGRESSIVE;
				CLANG_CXX_LANGUAGE_STANDARD = "gnu++17";
				CLANG_CXX_LIBRARY = "libc++";
				CLANG_ENABLE_MODULES = YES;
				CLANG_ENABLE_OBJC_ARC = YES;
				CLANG_ENABLE_OBJC_WEAK = YES;
				CLANG_WARN_BLOCK_CAPTURE_AUTORELEASING = YES;
				CLANG_WARN_BOOL_CONVERSION = YES;
				CLANG_WARN_COMMA = YES;
				CLANG_WARN_CONSTANT_CONVERSION = YES;
				CLANG_WARN_DEPRECATED_OBJC_IMPLEMENTATIONS = YES;
				CLANG_WARN_DIRECT_OBJC_ISA_USAGE = YES_ERROR;
				CLANG_WARN_DOCUMENTATION_COMMENTS = YES;
				CLANG_WARN_EMPTY_BODY = YES;
				CLANG_WARN_ENUM_CONVERSION = YES;
				CLANG_WARN_INFINITE_RECURSION = YES;
				CLANG_WARN_INT_CONVERSION = YES;
				CLANG_WARN_NON_LITERAL_NULL_CONVERSION = YES;
				CLANG_WARN_OBJC_IMPLICIT_RETAIN_SELF = YES;
				CLANG_WARN_OBJC_LITERAL_CONVERSION = YES;
				CLANG_WARN_OBJC_ROOT_CLASS = YES_ERROR;
				CLANG_WARN_QUOTED_INCLUDE_IN_FRAMEWORK_HEADER = YES;
				CLANG_WARN_RANGE_LOOP_ANALYSIS = YES;
				CLANG_WARN_STRICT_PROTOTYPES = YES;
				CLANG_WARN_SUSPICIOUS_MOVE = YES;
				CLANG_WARN_UNGUARDED_AVAILABILITY = YES_AGGRESSIVE;
				CLANG_WARN_UNREACHABLE_CODE = YES;
				CLANG_WARN__DUPLICATE_METHOD_MATCH = YES;
				COPY_PHASE_STRIP = NO;
				DEBUG_INFORMATION_FORMAT = dwarf;
				ENABLE_STRICT_OBJC_MSGSEND = YES;
				ENABLE_TESTABILITY = YES;
				GCC_C_LANGUAGE_STANDARD = gnu11;
				GCC_DYNAMIC_NO_PIC = NO;
				GCC_NO_COMMON_BLOCKS = YES;
				GCC_OPTIMIZATION_LEVEL = 0;
				GCC_PREPROCESSOR_DEFINITIONS = (
					"DEBUG=1",
					"$(inherited)",
				);
				GCC_WARN_64_TO_32_BIT_CONVERSION = YES;
				GCC_WARN_ABOUT_RETURN_TYPE = YES_ERROR;
				GCC_WARN_UNDECLARED_SELECTOR = YES;
				GCC_WARN_UNINITIALIZED_AUTOS = YES_AGGRESSIVE;
				GCC_WARN_UNUSED_FUNCTION = YES;
				GCC_WARN_UNUSED_VARIABLE = YES;
				IPHONEOS_DEPLOYMENT_TARGET = 15.2;
				MTL_ENABLE_DEBUG_INFO = INCLUDE_SOURCE;
				MTL_FAST_MATH = YES;
				ONLY_ACTIVE_ARCH = YES;
				SDKROOT = iphoneos;
				SWIFT_ACTIVE_COMPILATION_CONDITIONS = DEBUG;
				SWIFT_OPTIMIZATION_LEVEL = "-Onone";
			};
			name = Debug;
		};
		8F0EC5812808A63C00F12B8B /* Release */ = {
			isa = XCBuildConfiguration;
			buildSettings = {
				ALWAYS_SEARCH_USER_PATHS = NO;
				CLANG_ANALYZER_NONNULL = YES;
				CLANG_ANALYZER_NUMBER_OBJECT_CONVERSION = YES_AGGRESSIVE;
				CLANG_CXX_LANGUAGE_STANDARD = "gnu++17";
				CLANG_CXX_LIBRARY = "libc++";
				CLANG_ENABLE_MODULES = YES;
				CLANG_ENABLE_OBJC_ARC = YES;
				CLANG_ENABLE_OBJC_WEAK = YES;
				CLANG_WARN_BLOCK_CAPTURE_AUTORELEASING = YES;
				CLANG_WARN_BOOL_CONVERSION = YES;
				CLANG_WARN_COMMA = YES;
				CLANG_WARN_CONSTANT_CONVERSION = YES;
				CLANG_WARN_DEPRECATED_OBJC_IMPLEMENTATIONS = YES;
				CLANG_WARN_DIRECT_OBJC_ISA_USAGE = YES_ERROR;
				CLANG_WARN_DOCUMENTATION_COMMENTS = YES;
				CLANG_WARN_EMPTY_BODY = YES;
				CLANG_WARN_ENUM_CONVERSION = YES;
				CLANG_WARN_INFINITE_RECURSION = YES;
				CLANG_WARN_INT_CONVERSION = YES;
				CLANG_WARN_NON_LITERAL_NULL_CONVERSION = YES;
				CLANG_WARN_OBJC_IMPLICIT_RETAIN_SELF = YES;
				CLANG_WARN_OBJC_LITERAL_CONVERSION = YES;
				CLANG_WARN_OBJC_ROOT_CLASS = YES_ERROR;
				CLANG_WARN_QUOTED_INCLUDE_IN_FRAMEWORK_HEADER = YES;
				CLANG_WARN_RANGE_LOOP_ANALYSIS = YES;
				CLANG_WARN_STRICT_PROTOTYPES = YES;
				CLANG_WARN_SUSPICIOUS_MOVE = YES;
				CLANG_WARN_UNGUARDED_AVAILABILITY = YES_AGGRESSIVE;
				CLANG_WARN_UNREACHABLE_CODE = YES;
				CLANG_WARN__DUPLICATE_METHOD_MATCH = YES;
				COPY_PHASE_STRIP = NO;
				DEBUG_INFORMATION_FORMAT = "dwarf-with-dsym";
				ENABLE_NS_ASSERTIONS = NO;
				ENABLE_STRICT_OBJC_MSGSEND = YES;
				GCC_C_LANGUAGE_STANDARD = gnu11;
				GCC_NO_COMMON_BLOCKS = YES;
				GCC_WARN_64_TO_32_BIT_CONVERSION = YES;
				GCC_WARN_ABOUT_RETURN_TYPE = YES_ERROR;
				GCC_WARN_UNDECLARED_SELECTOR = YES;
				GCC_WARN_UNINITIALIZED_AUTOS = YES_AGGRESSIVE;
				GCC_WARN_UNUSED_FUNCTION = YES;
				GCC_WARN_UNUSED_VARIABLE = YES;
				IPHONEOS_DEPLOYMENT_TARGET = 15.2;
				MTL_ENABLE_DEBUG_INFO = NO;
				MTL_FAST_MATH = YES;
				SDKROOT = iphoneos;
				SWIFT_COMPILATION_MODE = wholemodule;
				SWIFT_OPTIMIZATION_LEVEL = "-O";
				VALIDATE_PRODUCT = YES;
			};
			name = Release;
		};
		8F0EC5832808A63C00F12B8B /* Debug */ = {
			isa = XCBuildConfiguration;
			buildSettings = {
				ASSETCATALOG_COMPILER_APPICON_NAME = AppIcon;
				ASSETCATALOG_COMPILER_GLOBAL_ACCENT_COLOR_NAME = AccentColor;
				CODE_SIGN_STYLE = Automatic;
				CURRENT_PROJECT_VERSION = 1;
				DEVELOPMENT_ASSET_PATHS = "\"StudiousSnackers/Preview Content\"";
				DEVELOPMENT_TEAM = SK7J7M2WVG;
				ENABLE_PREVIEWS = YES;
				GENERATE_INFOPLIST_FILE = YES;
				INFOPLIST_KEY_UIApplicationSceneManifest_Generation = YES;
				INFOPLIST_KEY_UIApplicationSupportsIndirectInputEvents = YES;
				INFOPLIST_KEY_UILaunchScreen_Generation = YES;
				INFOPLIST_KEY_UISupportedInterfaceOrientations = "UIInterfaceOrientationPortrait UIInterfaceOrientationLandscapeLeft UIInterfaceOrientationLandscapeRight";
				INFOPLIST_KEY_UISupportedInterfaceOrientations_iPad = "UIInterfaceOrientationPortrait UIInterfaceOrientationPortraitUpsideDown UIInterfaceOrientationLandscapeLeft UIInterfaceOrientationLandscapeRight";
				INFOPLIST_KEY_UISupportedInterfaceOrientations_iPhone = "UIInterfaceOrientationPortrait UIInterfaceOrientationLandscapeLeft UIInterfaceOrientationLandscapeRight";
				LD_RUNPATH_SEARCH_PATHS = (
					"$(inherited)",
					"@executable_path/Frameworks",
				);
				MARKETING_VERSION = 1.0;
				PRODUCT_BUNDLE_IDENTIFIER = com.jasondang.StudiousSnackers;
				PRODUCT_NAME = "$(TARGET_NAME)";
				SWIFT_EMIT_LOC_STRINGS = YES;
				SWIFT_VERSION = 5.0;
				TARGETED_DEVICE_FAMILY = "1,2";
			};
			name = Debug;
		};
		8F0EC5842808A63C00F12B8B /* Release */ = {
			isa = XCBuildConfiguration;
			buildSettings = {
				ASSETCATALOG_COMPILER_APPICON_NAME = AppIcon;
				ASSETCATALOG_COMPILER_GLOBAL_ACCENT_COLOR_NAME = AccentColor;
				CODE_SIGN_STYLE = Automatic;
				CURRENT_PROJECT_VERSION = 1;
				DEVELOPMENT_ASSET_PATHS = "\"StudiousSnackers/Preview Content\"";
				DEVELOPMENT_TEAM = SK7J7M2WVG;
				ENABLE_PREVIEWS = YES;
				GENERATE_INFOPLIST_FILE = YES;
				INFOPLIST_KEY_UIApplicationSceneManifest_Generation = YES;
				INFOPLIST_KEY_UIApplicationSupportsIndirectInputEvents = YES;
				INFOPLIST_KEY_UILaunchScreen_Generation = YES;
				INFOPLIST_KEY_UISupportedInterfaceOrientations = "UIInterfaceOrientationPortrait UIInterfaceOrientationLandscapeLeft UIInterfaceOrientationLandscapeRight";
				INFOPLIST_KEY_UISupportedInterfaceOrientations_iPad = "UIInterfaceOrientationPortrait UIInterfaceOrientationPortraitUpsideDown UIInterfaceOrientationLandscapeLeft UIInterfaceOrientationLandscapeRight";
				INFOPLIST_KEY_UISupportedInterfaceOrientations_iPhone = "UIInterfaceOrientationPortrait UIInterfaceOrientationLandscapeLeft UIInterfaceOrientationLandscapeRight";
				LD_RUNPATH_SEARCH_PATHS = (
					"$(inherited)",
					"@executable_path/Frameworks",
				);
				MARKETING_VERSION = 1.0;
				PRODUCT_BUNDLE_IDENTIFIER = com.jasondang.StudiousSnackers;
				PRODUCT_NAME = "$(TARGET_NAME)";
				SWIFT_EMIT_LOC_STRINGS = YES;
				SWIFT_VERSION = 5.0;
				TARGETED_DEVICE_FAMILY = "1,2";
			};
			name = Release;
		};
/* End XCBuildConfiguration section */

/* Begin XCConfigurationList section */
		8F0EC56A2808A63A00F12B8B /* Build configuration list for PBXProject "StudiousSnackers" */ = {
			isa = XCConfigurationList;
			buildConfigurations = (
				8F0EC5802808A63C00F12B8B /* Debug */,
				8F0EC5812808A63C00F12B8B /* Release */,
			);
			defaultConfigurationIsVisible = 0;
			defaultConfigurationName = Release;
		};
		8F0EC5822808A63C00F12B8B /* Build configuration list for PBXNativeTarget "StudiousSnackers" */ = {
			isa = XCConfigurationList;
			buildConfigurations = (
				8F0EC5832808A63C00F12B8B /* Debug */,
				8F0EC5842808A63C00F12B8B /* Release */,
			);
			defaultConfigurationIsVisible = 0;
			defaultConfigurationName = Release;
		};
/* End XCConfigurationList section */

/* Begin XCVersionGroup section */
		3D21F1D428161B2E00117DAC /* StudiousSnackers.xcdatamodeld */ = {
			isa = XCVersionGroup;
			children = (
				3D21F1D528161B2E00117DAC /* Studious_Snackers.xcdatamodel */,
			);
			currentVersion = 3D21F1D528161B2E00117DAC /* Studious_Snackers.xcdatamodel */;
			name = StudiousSnackers.xcdatamodeld;
			path = "../../../Desktop/IOS Dev/Studious Snackers/Studious Snackers/StudiousSnackers.xcdatamodeld";
			sourceTree = "<group>";
			versionGroupType = wrapper.xcdatamodel;
		};
/* End XCVersionGroup section */
	};
	rootObject = 8F0EC5672808A63A00F12B8B /* Project object */;
}
